
Microsoft Visual Studio Solution File, Format Version 12.00
# Visual Studio 2015
Project("{FAE04EC0-301F-11D3-BF4B-00C04F79EFBC}") = "Character Customization Tutorial.CSharp", "Character Customization Tutorial.CSharp.csproj", "{075E2169-D05A-B15E-D824-9CED71463C6B}"
EndProject
Project("{FAE04EC0-301F-11D3-BF4B-00C04F79EFBC}") = "Character Customization Tutorial.CSharp.Editor", "Character Customization Tutorial.CSharp.Editor.csproj", "{CBFEF7CA-EBB8-40A2-4F14-BE26D108D720}"
EndProject
Global
	GlobalSection(SolutionConfigurationPlatforms) = preSolution
		Debug|Any CPU = Debug|Any CPU
		Release|Any CPU = Release|Any CPU
	EndGlobalSection
	GlobalSection(ProjectConfigurationPlatforms) = postSolution
		{075E2169-D05A-B15E-D824-9CED71463C6B}.Debug|Any CPU.ActiveCfg = Debug|Any CPU
		{075E2169-D05A-B15E-D824-9CED71463C6B}.Debug|Any CPU.Build.0 = Debug|Any CPU
		{075E2169-D05A-B15E-D824-9CED71463C6B}.Release|Any CPU.ActiveCfg = Release|Any CPU
		{075E2169-D05A-B15E-D824-9CED71463C6B}.Release|Any CPU.Build.0 = Release|Any CPU
		{CBFEF7CA-EBB8-40A2-4F14-BE26D108D720}.Debug|Any CPU.ActiveCfg = Debug|Any CPU
		{CBFEF7CA-EBB8-40A2-4F14-BE26D108D720}.Debug|Any CPU.Build.0 = Debug|Any CPU
		{CBFEF7CA-EBB8-40A2-4F14-BE26D108D720}.Release|Any CPU.ActiveCfg = Release|Any CPU
		{CBFEF7CA-EBB8-40A2-4F14-BE26D108D720}.Release|Any CPU.Build.0 = Release|Any CPU
	EndGlobalSection
	GlobalSection(SolutionProperties) = preSolution
		HideSolutionNode = FALSE
	EndGlobalSection
EndGlobal
