
Microsoft Visual Studio Solution File, Format Version 12.00
# Visual Studio 2015
Project("{FAE04EC0-301F-11D3-BF4B-00C04F79EFBC}") = "Unity3D-CharacterCustomizationTutorial.CSharp", "Unity3D-CharacterCustomizationTutorial.CSharp.csproj", "{99EC8B14-329A-0DEC-EE23-EC21B81168D3}"
EndProject
Project("{FAE04EC0-301F-11D3-BF4B-00C04F79EFBC}") = "Unity3D-CharacterCustomizationTutorial.CSharp.Editor", "Unity3D-CharacterCustomizationTutorial.CSharp.Editor.csproj", "{9290BA8A-52CF-98ED-3E86-BF238CF2FC64}"
EndProject
Global
	GlobalSection(SolutionConfigurationPlatforms) = preSolution
		Debug|Any CPU = Debug|Any CPU
		Release|Any CPU = Release|Any CPU
	EndGlobalSection
	GlobalSection(ProjectConfigurationPlatforms) = postSolution
		{99EC8B14-329A-0DEC-EE23-EC21B81168D3}.Debug|Any CPU.ActiveCfg = Debug|Any CPU
		{99EC8B14-329A-0DEC-EE23-EC21B81168D3}.Debug|Any CPU.Build.0 = Debug|Any CPU
		{99EC8B14-329A-0DEC-EE23-EC21B81168D3}.Release|Any CPU.ActiveCfg = Release|Any CPU
		{99EC8B14-329A-0DEC-EE23-EC21B81168D3}.Release|Any CPU.Build.0 = Release|Any CPU
		{9290BA8A-52CF-98ED-3E86-BF238CF2FC64}.Debug|Any CPU.ActiveCfg = Debug|Any CPU
		{9290BA8A-52CF-98ED-3E86-BF238CF2FC64}.Debug|Any CPU.Build.0 = Debug|Any CPU
		{9290BA8A-52CF-98ED-3E86-BF238CF2FC64}.Release|Any CPU.ActiveCfg = Release|Any CPU
		{9290BA8A-52CF-98ED-3E86-BF238CF2FC64}.Release|Any CPU.Build.0 = Release|Any CPU
	EndGlobalSection
	GlobalSection(SolutionProperties) = preSolution
		HideSolutionNode = FALSE
	EndGlobalSection
EndGlobal
